
Microsoft Visual Studio Solution File, Format Version 12.00
# Visual Studio Version 17
VisualStudioVersion = 17.5.33627.172
MinimumVisualStudioVersion = 10.0.40219.1
Project("{9A19103F-16F7-4668-BE54-9A1E7A4F7556}") = "order-processor", "order-processor.csproj", "{A21627AE-EE28-406B-9AA9-25BBFD6F5761}"
EndProject
Global
	GlobalSection(SolutionConfigurationPlatforms) = preSolution
		Debug|Any CPU = Debug|Any CPU
		Release|Any CPU = Release|Any CPU
	EndGlobalSection
	GlobalSection(ProjectConfigurationPlatforms) = postSolution
		{A21627AE-EE28-406B-9AA9-25BBFD6F5761}.Debug|Any CPU.ActiveCfg = Debug|Any CPU
		{A21627AE-EE28-406B-9AA9-25BBFD6F5761}.Debug|Any CPU.Build.0 = Debug|Any CPU
		{A21627AE-EE28-406B-9AA9-25BBFD6F5761}.Release|Any CPU.ActiveCfg = Release|Any CPU
		{A21627AE-EE28-406B-9AA9-25BBFD6F5761}.Release|Any CPU.Build.0 = Release|Any CPU
	EndGlobalSection
	GlobalSection(SolutionProperties) = preSolution
		HideSolutionNode = FALSE
	EndGlobalSection
	GlobalSection(ExtensibilityGlobals) = postSolution
		SolutionGuid = {4DC816C1-0A08-4DFA-B511-E3A48ACD8094}
	EndGlobalSection
EndGlobal
